// !$*UTF8*$!
{
	archiveVersion = 1;
	classes = {
	};
	objectVersion = 50;
	objects = {

/* Begin PBXBuildFile section */
		622E3EB3239A1DA00069C306 /* Day6Input.txt in Resources */ = {isa = PBXBuildFile; fileRef = 622E3EB2239A1DA00069C306 /* Day6Input.txt */; };
		622E3EB5239A1DBB0069C306 /* Day6Logic.swift in Sources */ = {isa = PBXBuildFile; fileRef = 622E3EB4239A1DBB0069C306 /* Day6Logic.swift */; };
		622E3EB7239A1E450069C306 /* OrbitalMap.swift in Sources */ = {isa = PBXBuildFile; fileRef = 622E3EB6239A1E450069C306 /* OrbitalMap.swift */; };
		622E3EB9239A219A0069C306 /* Day6Tests.swift in Sources */ = {isa = PBXBuildFile; fileRef = 622E3EB8239A219A0069C306 /* Day6Tests.swift */; };
		624B9A36239E1E830012F095 /* Day9Tests.swift in Sources */ = {isa = PBXBuildFile; fileRef = 624B9A35239E1E830012F095 /* Day9Tests.swift */; };
		624B9A39239E2AAB0012F095 /* Day9Input.txt in Resources */ = {isa = PBXBuildFile; fileRef = 624B9A38239E2AAB0012F095 /* Day9Input.txt */; };
		624B9A3B239E2AB90012F095 /* Day9Logic.swift in Sources */ = {isa = PBXBuildFile; fileRef = 624B9A3A239E2AB90012F095 /* Day9Logic.swift */; };
		624B9A3E239F61D00012F095 /* Day10Input.txt in Resources */ = {isa = PBXBuildFile; fileRef = 624B9A3D239F61D00012F095 /* Day10Input.txt */; };
		624B9A40239F61E70012F095 /* AsteroidField.swift in Sources */ = {isa = PBXBuildFile; fileRef = 624B9A3F239F61E70012F095 /* AsteroidField.swift */; };
		624B9A42239F67680012F095 /* Day10Tests.swift in Sources */ = {isa = PBXBuildFile; fileRef = 624B9A41239F67680012F095 /* Day10Tests.swift */; };
		624B9A44239F7F500012F095 /* Day10Logic.swift in Sources */ = {isa = PBXBuildFile; fileRef = 624B9A43239F7F500012F095 /* Day10Logic.swift */; };
		624B9A4723A0BB5B0012F095 /* Day11Input.txt in Resources */ = {isa = PBXBuildFile; fileRef = 624B9A4623A0BB5B0012F095 /* Day11Input.txt */; };
		624B9A4923A0BBC00012F095 /* PanelGrid.swift in Sources */ = {isa = PBXBuildFile; fileRef = 624B9A4823A0BBC00012F095 /* PanelGrid.swift */; };
		624B9A4B23A0C8050012F095 /* Day11Logic.swift in Sources */ = {isa = PBXBuildFile; fileRef = 624B9A4A23A0C8050012F095 /* Day11Logic.swift */; };
		629C1A1F23938F5600920687 /* AppDelegate.swift in Sources */ = {isa = PBXBuildFile; fileRef = 629C1A1E23938F5600920687 /* AppDelegate.swift */; };
		629C1A2123938F5600920687 /* SceneDelegate.swift in Sources */ = {isa = PBXBuildFile; fileRef = 629C1A2023938F5600920687 /* SceneDelegate.swift */; };
		629C1A2323938F5600920687 /* ContentView.swift in Sources */ = {isa = PBXBuildFile; fileRef = 629C1A2223938F5600920687 /* ContentView.swift */; };
		629C1A2523938F5900920687 /* Assets.xcassets in Resources */ = {isa = PBXBuildFile; fileRef = 629C1A2423938F5900920687 /* Assets.xcassets */; };
		629C1A2823938F5900920687 /* Preview Assets.xcassets in Resources */ = {isa = PBXBuildFile; fileRef = 629C1A2723938F5900920687 /* Preview Assets.xcassets */; };
		629C1A2B23938F5900920687 /* LaunchScreen.storyboard in Resources */ = {isa = PBXBuildFile; fileRef = 629C1A2923938F5900920687 /* LaunchScreen.storyboard */; };
		629C1A3623938F5900920687 /* Day1Tests.swift in Sources */ = {isa = PBXBuildFile; fileRef = 629C1A3523938F5900920687 /* Day1Tests.swift */; };
		629C1A4123938F5900920687 /* AdventOfCode2019UITests.swift in Sources */ = {isa = PBXBuildFile; fileRef = 629C1A4023938F5900920687 /* AdventOfCode2019UITests.swift */; };
		629C1A50239396A800920687 /* IntFileIterator.swift in Sources */ = {isa = PBXBuildFile; fileRef = 629C1A4F239396A800920687 /* IntFileIterator.swift */; };
		629C1A522393A34A00920687 /* DayOneLogic.swift in Sources */ = {isa = PBXBuildFile; fileRef = 629C1A512393A34A00920687 /* DayOneLogic.swift */; };
		629C1A572393B04300920687 /* Day1Input.txt in Resources */ = {isa = PBXBuildFile; fileRef = 629C1A562393B04300920687 /* Day1Input.txt */; };
		629C1A59239434E600920687 /* DayOfCodeSolution.swift in Sources */ = {isa = PBXBuildFile; fileRef = 629C1A58239434E600920687 /* DayOfCodeSolution.swift */; };
		629C1A5C2394E00200920687 /* Day2Input.txt in Resources */ = {isa = PBXBuildFile; fileRef = 629C1A5B2394E00200920687 /* Day2Input.txt */; };
		629C1A5E2394E02700920687 /* Day2Logic.swift in Sources */ = {isa = PBXBuildFile; fileRef = 629C1A5D2394E02700920687 /* Day2Logic.swift */; };
		629C1A602394E10200920687 /* IntCodeMachine.swift in Sources */ = {isa = PBXBuildFile; fileRef = 629C1A5F2394E10200920687 /* IntCodeMachine.swift */; };
		629C1A622394E56A00920687 /* Day2Tests.swift in Sources */ = {isa = PBXBuildFile; fileRef = 629C1A612394E56A00920687 /* Day2Tests.swift */; };
		629C1A6523962B4200920687 /* Day3Logic.swift in Sources */ = {isa = PBXBuildFile; fileRef = 629C1A6423962B4200920687 /* Day3Logic.swift */; };
		629C1A6723962BFF00920687 /* Day3Input.txt in Resources */ = {isa = PBXBuildFile; fileRef = 629C1A6623962BFF00920687 /* Day3Input.txt */; };
		629C1A6923962C8800920687 /* Grid.swift in Sources */ = {isa = PBXBuildFile; fileRef = 629C1A6823962C8800920687 /* Grid.swift */; };
		629C1A6B2396340400920687 /* Day3Tests.swift in Sources */ = {isa = PBXBuildFile; fileRef = 629C1A6A2396340400920687 /* Day3Tests.swift */; };
		629C1A6E2397786E00920687 /* Day4Logic.swift in Sources */ = {isa = PBXBuildFile; fileRef = 629C1A6D2397786E00920687 /* Day4Logic.swift */; };
		629C1A70239778E100920687 /* Day4Tests.swift in Sources */ = {isa = PBXBuildFile; fileRef = 629C1A6F239778E100920687 /* Day4Tests.swift */; };
		62C83617239B81D000609DF8 /* Day7Logic.swift in Sources */ = {isa = PBXBuildFile; fileRef = 62C83616239B81D000609DF8 /* Day7Logic.swift */; };
		62C83619239B81FB00609DF8 /* Day7Input.txt in Resources */ = {isa = PBXBuildFile; fileRef = 62C83618239B81FB00609DF8 /* Day7Input.txt */; };
		62C8361B239B859A00609DF8 /* Day7Tests.swift in Sources */ = {isa = PBXBuildFile; fileRef = 62C8361A239B859900609DF8 /* Day7Tests.swift */; };
		62C8361E239CCA4200609DF8 /* Day8Logic.swift in Sources */ = {isa = PBXBuildFile; fileRef = 62C8361D239CCA4200609DF8 /* Day8Logic.swift */; };
		62C83620239CCAC300609DF8 /* Day8Input.txt in Resources */ = {isa = PBXBuildFile; fileRef = 62C8361F239CCAC300609DF8 /* Day8Input.txt */; };
		62C83622239CCB1D00609DF8 /* spaceimageformat.swift in Sources */ = {isa = PBXBuildFile; fileRef = 62C83621239CCB1D00609DF8 /* spaceimageformat.swift */; };
		62C83624239CD83200609DF8 /* Day8Tests.swift in Sources */ = {isa = PBXBuildFile; fileRef = 62C83623239CD83200609DF8 /* Day8Tests.swift */; };
		62F591752398D8BD007C951A /* Day5Tests.swift in Sources */ = {isa = PBXBuildFile; fileRef = 62F591742398D8BD007C951A /* Day5Tests.swift */; };
		62F591782398DB5B007C951A /* Day5Input.txt in Resources */ = {isa = PBXBuildFile; fileRef = 62F591772398DB5B007C951A /* Day5Input.txt */; };
		62F5917A2398DB7D007C951A /* Day5Logic.swift in Sources */ = {isa = PBXBuildFile; fileRef = 62F591792398DB7D007C951A /* Day5Logic.swift */; };
/* End PBXBuildFile section */

/* Begin PBXContainerItemProxy section */
		629C1A3223938F5900920687 /* PBXContainerItemProxy */ = {
			isa = PBXContainerItemProxy;
			containerPortal = 629C1A1323938F5600920687 /* Project object */;
			proxyType = 1;
			remoteGlobalIDString = 629C1A1A23938F5600920687;
			remoteInfo = AdventOfCode2019;
		};
		629C1A3D23938F5900920687 /* PBXContainerItemProxy */ = {
			isa = PBXContainerItemProxy;
			containerPortal = 629C1A1323938F5600920687 /* Project object */;
			proxyType = 1;
			remoteGlobalIDString = 629C1A1A23938F5600920687;
			remoteInfo = AdventOfCode2019;
		};
/* End PBXContainerItemProxy section */

/* Begin PBXFileReference section */
		622E3EB2239A1DA00069C306 /* Day6Input.txt */ = {isa = PBXFileReference; fileEncoding = 4; lastKnownFileType = text; path = Day6Input.txt; sourceTree = "<group>"; };
		622E3EB4239A1DBB0069C306 /* Day6Logic.swift */ = {isa = PBXFileReference; lastKnownFileType = sourcecode.swift; path = Day6Logic.swift; sourceTree = "<group>"; };
		622E3EB6239A1E450069C306 /* OrbitalMap.swift */ = {isa = PBXFileReference; lastKnownFileType = sourcecode.swift; path = OrbitalMap.swift; sourceTree = "<group>"; };
		622E3EB8239A219A0069C306 /* Day6Tests.swift */ = {isa = PBXFileReference; lastKnownFileType = sourcecode.swift; path = Day6Tests.swift; sourceTree = "<group>"; };
		624B9A35239E1E830012F095 /* Day9Tests.swift */ = {isa = PBXFileReference; lastKnownFileType = sourcecode.swift; path = Day9Tests.swift; sourceTree = "<group>"; };
		624B9A38239E2AAB0012F095 /* Day9Input.txt */ = {isa = PBXFileReference; fileEncoding = 4; lastKnownFileType = text; path = Day9Input.txt; sourceTree = "<group>"; };
		624B9A3A239E2AB90012F095 /* Day9Logic.swift */ = {isa = PBXFileReference; lastKnownFileType = sourcecode.swift; path = Day9Logic.swift; sourceTree = "<group>"; };
		624B9A3D239F61D00012F095 /* Day10Input.txt */ = {isa = PBXFileReference; fileEncoding = 4; lastKnownFileType = text; path = Day10Input.txt; sourceTree = "<group>"; };
		624B9A3F239F61E70012F095 /* AsteroidField.swift */ = {isa = PBXFileReference; lastKnownFileType = sourcecode.swift; path = AsteroidField.swift; sourceTree = "<group>"; };
		624B9A41239F67680012F095 /* Day10Tests.swift */ = {isa = PBXFileReference; lastKnownFileType = sourcecode.swift; path = Day10Tests.swift; sourceTree = "<group>"; };
		624B9A43239F7F500012F095 /* Day10Logic.swift */ = {isa = PBXFileReference; lastKnownFileType = sourcecode.swift; path = Day10Logic.swift; sourceTree = "<group>"; };
		624B9A4623A0BB5B0012F095 /* Day11Input.txt */ = {isa = PBXFileReference; fileEncoding = 4; lastKnownFileType = text; path = Day11Input.txt; sourceTree = "<group>"; };
		624B9A4823A0BBC00012F095 /* PanelGrid.swift */ = {isa = PBXFileReference; lastKnownFileType = sourcecode.swift; path = PanelGrid.swift; sourceTree = "<group>"; };
		624B9A4A23A0C8050012F095 /* Day11Logic.swift */ = {isa = PBXFileReference; lastKnownFileType = sourcecode.swift; path = Day11Logic.swift; sourceTree = "<group>"; };
		629C1A1B23938F5600920687 /* AdventOfCode2019.app */ = {isa = PBXFileReference; explicitFileType = wrapper.application; includeInIndex = 0; path = AdventOfCode2019.app; sourceTree = BUILT_PRODUCTS_DIR; };
		629C1A1E23938F5600920687 /* AppDelegate.swift */ = {isa = PBXFileReference; lastKnownFileType = sourcecode.swift; path = AppDelegate.swift; sourceTree = "<group>"; };
		629C1A2023938F5600920687 /* SceneDelegate.swift */ = {isa = PBXFileReference; lastKnownFileType = sourcecode.swift; path = SceneDelegate.swift; sourceTree = "<group>"; };
		629C1A2223938F5600920687 /* ContentView.swift */ = {isa = PBXFileReference; lastKnownFileType = sourcecode.swift; path = ContentView.swift; sourceTree = "<group>"; };
		629C1A2423938F5900920687 /* Assets.xcassets */ = {isa = PBXFileReference; lastKnownFileType = folder.assetcatalog; path = Assets.xcassets; sourceTree = "<group>"; };
		629C1A2723938F5900920687 /* Preview Assets.xcassets */ = {isa = PBXFileReference; lastKnownFileType = folder.assetcatalog; path = "Preview Assets.xcassets"; sourceTree = "<group>"; };
		629C1A2A23938F5900920687 /* Base */ = {isa = PBXFileReference; lastKnownFileType = file.storyboard; name = Base; path = Base.lproj/LaunchScreen.storyboard; sourceTree = "<group>"; };
		629C1A2C23938F5900920687 /* Info.plist */ = {isa = PBXFileReference; lastKnownFileType = text.plist.xml; path = Info.plist; sourceTree = "<group>"; };
		629C1A3123938F5900920687 /* AdventOfCode2019Tests.xctest */ = {isa = PBXFileReference; explicitFileType = wrapper.cfbundle; includeInIndex = 0; path = AdventOfCode2019Tests.xctest; sourceTree = BUILT_PRODUCTS_DIR; };
		629C1A3523938F5900920687 /* Day1Tests.swift */ = {isa = PBXFileReference; lastKnownFileType = sourcecode.swift; path = Day1Tests.swift; sourceTree = "<group>"; };
		629C1A3723938F5900920687 /* Info.plist */ = {isa = PBXFileReference; lastKnownFileType = text.plist.xml; path = Info.plist; sourceTree = "<group>"; };
		629C1A3C23938F5900920687 /* AdventOfCode2019UITests.xctest */ = {isa = PBXFileReference; explicitFileType = wrapper.cfbundle; includeInIndex = 0; path = AdventOfCode2019UITests.xctest; sourceTree = BUILT_PRODUCTS_DIR; };
		629C1A4023938F5900920687 /* AdventOfCode2019UITests.swift */ = {isa = PBXFileReference; lastKnownFileType = sourcecode.swift; path = AdventOfCode2019UITests.swift; sourceTree = "<group>"; };
		629C1A4223938F5900920687 /* Info.plist */ = {isa = PBXFileReference; lastKnownFileType = text.plist.xml; path = Info.plist; sourceTree = "<group>"; };
		629C1A4F239396A800920687 /* IntFileIterator.swift */ = {isa = PBXFileReference; lastKnownFileType = sourcecode.swift; path = IntFileIterator.swift; sourceTree = "<group>"; };
		629C1A512393A34A00920687 /* DayOneLogic.swift */ = {isa = PBXFileReference; lastKnownFileType = sourcecode.swift; path = DayOneLogic.swift; sourceTree = "<group>"; };
		629C1A562393B04300920687 /* Day1Input.txt */ = {isa = PBXFileReference; fileEncoding = 4; lastKnownFileType = text; path = Day1Input.txt; sourceTree = "<group>"; };
		629C1A58239434E600920687 /* DayOfCodeSolution.swift */ = {isa = PBXFileReference; lastKnownFileType = sourcecode.swift; path = DayOfCodeSolution.swift; sourceTree = "<group>"; };
		629C1A5B2394E00200920687 /* Day2Input.txt */ = {isa = PBXFileReference; fileEncoding = 4; lastKnownFileType = text; path = Day2Input.txt; sourceTree = "<group>"; };
		629C1A5D2394E02700920687 /* Day2Logic.swift */ = {isa = PBXFileReference; lastKnownFileType = sourcecode.swift; path = Day2Logic.swift; sourceTree = "<group>"; };
		629C1A5F2394E10200920687 /* IntCodeMachine.swift */ = {isa = PBXFileReference; lastKnownFileType = sourcecode.swift; path = IntCodeMachine.swift; sourceTree = "<group>"; };
		629C1A612394E56A00920687 /* Day2Tests.swift */ = {isa = PBXFileReference; lastKnownFileType = sourcecode.swift; path = Day2Tests.swift; sourceTree = "<group>"; };
		629C1A6423962B4200920687 /* Day3Logic.swift */ = {isa = PBXFileReference; lastKnownFileType = sourcecode.swift; path = Day3Logic.swift; sourceTree = "<group>"; };
		629C1A6623962BFF00920687 /* Day3Input.txt */ = {isa = PBXFileReference; fileEncoding = 4; lastKnownFileType = text; path = Day3Input.txt; sourceTree = "<group>"; };
		629C1A6823962C8800920687 /* Grid.swift */ = {isa = PBXFileReference; lastKnownFileType = sourcecode.swift; path = Grid.swift; sourceTree = "<group>"; };
		629C1A6A2396340400920687 /* Day3Tests.swift */ = {isa = PBXFileReference; lastKnownFileType = sourcecode.swift; path = Day3Tests.swift; sourceTree = "<group>"; };
		629C1A6D2397786E00920687 /* Day4Logic.swift */ = {isa = PBXFileReference; lastKnownFileType = sourcecode.swift; path = Day4Logic.swift; sourceTree = "<group>"; };
		629C1A6F239778E100920687 /* Day4Tests.swift */ = {isa = PBXFileReference; lastKnownFileType = sourcecode.swift; path = Day4Tests.swift; sourceTree = "<group>"; };
		62C83616239B81D000609DF8 /* Day7Logic.swift */ = {isa = PBXFileReference; lastKnownFileType = sourcecode.swift; path = Day7Logic.swift; sourceTree = "<group>"; };
		62C83618239B81FB00609DF8 /* Day7Input.txt */ = {isa = PBXFileReference; fileEncoding = 4; lastKnownFileType = text; path = Day7Input.txt; sourceTree = "<group>"; };
		62C8361A239B859900609DF8 /* Day7Tests.swift */ = {isa = PBXFileReference; lastKnownFileType = sourcecode.swift; path = Day7Tests.swift; sourceTree = "<group>"; };
		62C8361D239CCA4200609DF8 /* Day8Logic.swift */ = {isa = PBXFileReference; lastKnownFileType = sourcecode.swift; path = Day8Logic.swift; sourceTree = "<group>"; };
		62C8361F239CCAC300609DF8 /* Day8Input.txt */ = {isa = PBXFileReference; fileEncoding = 4; lastKnownFileType = text; path = Day8Input.txt; sourceTree = "<group>"; };
		62C83621239CCB1D00609DF8 /* spaceimageformat.swift */ = {isa = PBXFileReference; lastKnownFileType = sourcecode.swift; path = spaceimageformat.swift; sourceTree = "<group>"; };
		62C83623239CD83200609DF8 /* Day8Tests.swift */ = {isa = PBXFileReference; lastKnownFileType = sourcecode.swift; path = Day8Tests.swift; sourceTree = "<group>"; };
		62F591742398D8BD007C951A /* Day5Tests.swift */ = {isa = PBXFileReference; lastKnownFileType = sourcecode.swift; path = Day5Tests.swift; sourceTree = "<group>"; };
		62F591772398DB5B007C951A /* Day5Input.txt */ = {isa = PBXFileReference; fileEncoding = 4; lastKnownFileType = text; path = Day5Input.txt; sourceTree = "<group>"; };
		62F591792398DB7D007C951A /* Day5Logic.swift */ = {isa = PBXFileReference; lastKnownFileType = sourcecode.swift; path = Day5Logic.swift; sourceTree = "<group>"; };
/* End PBXFileReference section */

/* Begin PBXFrameworksBuildPhase section */
		629C1A1823938F5600920687 /* Frameworks */ = {
			isa = PBXFrameworksBuildPhase;
			buildActionMask = 2147483647;
			files = (
			);
			runOnlyForDeploymentPostprocessing = 0;
		};
		629C1A2E23938F5900920687 /* Frameworks */ = {
			isa = PBXFrameworksBuildPhase;
			buildActionMask = 2147483647;
			files = (
			);
			runOnlyForDeploymentPostprocessing = 0;
		};
		629C1A3923938F5900920687 /* Frameworks */ = {
			isa = PBXFrameworksBuildPhase;
			buildActionMask = 2147483647;
			files = (
			);
			runOnlyForDeploymentPostprocessing = 0;
		};
/* End PBXFrameworksBuildPhase section */

/* Begin PBXGroup section */
		622E3EB1239A1D370069C306 /* Day6 */ = {
			isa = PBXGroup;
			children = (
				622E3EB2239A1DA00069C306 /* Day6Input.txt */,
				622E3EB4239A1DBB0069C306 /* Day6Logic.swift */,
				622E3EB6239A1E450069C306 /* OrbitalMap.swift */,
			);
			path = Day6;
			sourceTree = "<group>";
		};
		624B9A37239E2A830012F095 /* Day9 */ = {
			isa = PBXGroup;
			children = (
				624B9A38239E2AAB0012F095 /* Day9Input.txt */,
				624B9A3A239E2AB90012F095 /* Day9Logic.swift */,
			);
			path = Day9;
			sourceTree = "<group>";
		};
		624B9A3C239F61450012F095 /* Day10 */ = {
			isa = PBXGroup;
			children = (
				624B9A3D239F61D00012F095 /* Day10Input.txt */,
				624B9A3F239F61E70012F095 /* AsteroidField.swift */,
				624B9A43239F7F500012F095 /* Day10Logic.swift */,
			);
			path = Day10;
			sourceTree = "<group>";
		};
		624B9A4523A0BAF10012F095 /* Day11 */ = {
			isa = PBXGroup;
			children = (
				624B9A4623A0BB5B0012F095 /* Day11Input.txt */,
				624B9A4823A0BBC00012F095 /* PanelGrid.swift */,
				624B9A4A23A0C8050012F095 /* Day11Logic.swift */,
			);
			path = Day11;
			sourceTree = "<group>";
		};
		629C1A1223938F5600920687 = {
			isa = PBXGroup;
			children = (
				629C1A1D23938F5600920687 /* AdventOfCode2019 */,
				629C1A3423938F5900920687 /* AdventOfCode2019Tests */,
				629C1A3F23938F5900920687 /* AdventOfCode2019UITests */,
				629C1A1C23938F5600920687 /* Products */,
			);
			sourceTree = "<group>";
		};
		629C1A1C23938F5600920687 /* Products */ = {
			isa = PBXGroup;
			children = (
				629C1A1B23938F5600920687 /* AdventOfCode2019.app */,
				629C1A3123938F5900920687 /* AdventOfCode2019Tests.xctest */,
				629C1A3C23938F5900920687 /* AdventOfCode2019UITests.xctest */,
			);
			name = Products;
			sourceTree = "<group>";
		};
		629C1A1D23938F5600920687 /* AdventOfCode2019 */ = {
			isa = PBXGroup;
			children = (
				624B9A4523A0BAF10012F095 /* Day11 */,
				624B9A3C239F61450012F095 /* Day10 */,
				624B9A37239E2A830012F095 /* Day9 */,
				62C8361C239CCA2B00609DF8 /* Day8 */,
				62C83615239B81B500609DF8 /* Day7 */,
				622E3EB1239A1D370069C306 /* Day6 */,
				62F591762398DB17007C951A /* Day5 */,
				629C1A6C2397783500920687 /* Day4 */,
				629C1A6323962B1D00920687 /* Day3 */,
				629C1A5A2394DFB000920687 /* Day2 */,
				629C1A4E2393962800920687 /* Day1 */,
				629C1A1E23938F5600920687 /* AppDelegate.swift */,
				629C1A2023938F5600920687 /* SceneDelegate.swift */,
				629C1A2223938F5600920687 /* ContentView.swift */,
				629C1A2423938F5900920687 /* Assets.xcassets */,
				629C1A2923938F5900920687 /* LaunchScreen.storyboard */,
				629C1A2C23938F5900920687 /* Info.plist */,
				629C1A2623938F5900920687 /* Preview Content */,
				629C1A58239434E600920687 /* DayOfCodeSolution.swift */,
			);
			path = AdventOfCode2019;
			sourceTree = "<group>";
		};
		629C1A2623938F5900920687 /* Preview Content */ = {
			isa = PBXGroup;
			children = (
				629C1A2723938F5900920687 /* Preview Assets.xcassets */,
			);
			path = "Preview Content";
			sourceTree = "<group>";
		};
		629C1A3423938F5900920687 /* AdventOfCode2019Tests */ = {
			isa = PBXGroup;
			children = (
				629C1A3523938F5900920687 /* Day1Tests.swift */,
				629C1A3723938F5900920687 /* Info.plist */,
				629C1A612394E56A00920687 /* Day2Tests.swift */,
				629C1A6A2396340400920687 /* Day3Tests.swift */,
				629C1A6F239778E100920687 /* Day4Tests.swift */,
				62F591742398D8BD007C951A /* Day5Tests.swift */,
				622E3EB8239A219A0069C306 /* Day6Tests.swift */,
				62C8361A239B859900609DF8 /* Day7Tests.swift */,
				62C83623239CD83200609DF8 /* Day8Tests.swift */,
				624B9A35239E1E830012F095 /* Day9Tests.swift */,
				624B9A41239F67680012F095 /* Day10Tests.swift */,
			);
			path = AdventOfCode2019Tests;
			sourceTree = "<group>";
		};
		629C1A3F23938F5900920687 /* AdventOfCode2019UITests */ = {
			isa = PBXGroup;
			children = (
				629C1A4023938F5900920687 /* AdventOfCode2019UITests.swift */,
				629C1A4223938F5900920687 /* Info.plist */,
			);
			path = AdventOfCode2019UITests;
			sourceTree = "<group>";
		};
		629C1A4E2393962800920687 /* Day1 */ = {
			isa = PBXGroup;
			children = (
				629C1A562393B04300920687 /* Day1Input.txt */,
				629C1A4F239396A800920687 /* IntFileIterator.swift */,
				629C1A512393A34A00920687 /* DayOneLogic.swift */,
			);
			path = Day1;
			sourceTree = "<group>";
		};
		629C1A5A2394DFB000920687 /* Day2 */ = {
			isa = PBXGroup;
			children = (
				629C1A5B2394E00200920687 /* Day2Input.txt */,
				629C1A5D2394E02700920687 /* Day2Logic.swift */,
				629C1A5F2394E10200920687 /* IntCodeMachine.swift */,
			);
			path = Day2;
			sourceTree = "<group>";
		};
		629C1A6323962B1D00920687 /* Day3 */ = {
			isa = PBXGroup;
			children = (
				629C1A6623962BFF00920687 /* Day3Input.txt */,
				629C1A6423962B4200920687 /* Day3Logic.swift */,
				629C1A6823962C8800920687 /* Grid.swift */,
			);
			path = Day3;
			sourceTree = "<group>";
		};
		629C1A6C2397783500920687 /* Day4 */ = {
			isa = PBXGroup;
			children = (
				629C1A6D2397786E00920687 /* Day4Logic.swift */,
			);
			path = Day4;
			sourceTree = "<group>";
		};
		62C83615239B81B500609DF8 /* Day7 */ = {
			isa = PBXGroup;
			children = (
				62C83618239B81FB00609DF8 /* Day7Input.txt */,
				62C83616239B81D000609DF8 /* Day7Logic.swift */,
			);
			path = Day7;
			sourceTree = "<group>";
		};
		62C8361C239CCA2B00609DF8 /* Day8 */ = {
			isa = PBXGroup;
			children = (
				62C8361F239CCAC300609DF8 /* Day8Input.txt */,
				62C8361D239CCA4200609DF8 /* Day8Logic.swift */,
				62C83621239CCB1D00609DF8 /* spaceimageformat.swift */,
			);
			path = Day8;
			sourceTree = "<group>";
		};
		62F591762398DB17007C951A /* Day5 */ = {
			isa = PBXGroup;
			children = (
				62F591772398DB5B007C951A /* Day5Input.txt */,
				62F591792398DB7D007C951A /* Day5Logic.swift */,
			);
			path = Day5;
			sourceTree = "<group>";
		};
/* End PBXGroup section */

/* Begin PBXNativeTarget section */
		629C1A1A23938F5600920687 /* AdventOfCode2019 */ = {
			isa = PBXNativeTarget;
			buildConfigurationList = 629C1A4523938F5900920687 /* Build configuration list for PBXNativeTarget "AdventOfCode2019" */;
			buildPhases = (
				629C1A1723938F5600920687 /* Sources */,
				629C1A1823938F5600920687 /* Frameworks */,
				629C1A1923938F5600920687 /* Resources */,
			);
			buildRules = (
			);
			dependencies = (
			);
			name = AdventOfCode2019;
			productName = AdventOfCode2019;
			productReference = 629C1A1B23938F5600920687 /* AdventOfCode2019.app */;
			productType = "com.apple.product-type.application";
		};
		629C1A3023938F5900920687 /* AdventOfCode2019Tests */ = {
			isa = PBXNativeTarget;
			buildConfigurationList = 629C1A4823938F5900920687 /* Build configuration list for PBXNativeTarget "AdventOfCode2019Tests" */;
			buildPhases = (
				629C1A2D23938F5900920687 /* Sources */,
				629C1A2E23938F5900920687 /* Frameworks */,
				629C1A2F23938F5900920687 /* Resources */,
			);
			buildRules = (
			);
			dependencies = (
				629C1A3323938F5900920687 /* PBXTargetDependency */,
			);
			name = AdventOfCode2019Tests;
			productName = AdventOfCode2019Tests;
			productReference = 629C1A3123938F5900920687 /* AdventOfCode2019Tests.xctest */;
			productType = "com.apple.product-type.bundle.unit-test";
		};
		629C1A3B23938F5900920687 /* AdventOfCode2019UITests */ = {
			isa = PBXNativeTarget;
			buildConfigurationList = 629C1A4B23938F5900920687 /* Build configuration list for PBXNativeTarget "AdventOfCode2019UITests" */;
			buildPhases = (
				629C1A3823938F5900920687 /* Sources */,
				629C1A3923938F5900920687 /* Frameworks */,
				629C1A3A23938F5900920687 /* Resources */,
			);
			buildRules = (
			);
			dependencies = (
				629C1A3E23938F5900920687 /* PBXTargetDependency */,
			);
			name = AdventOfCode2019UITests;
			productName = AdventOfCode2019UITests;
			productReference = 629C1A3C23938F5900920687 /* AdventOfCode2019UITests.xctest */;
			productType = "com.apple.product-type.bundle.ui-testing";
		};
/* End PBXNativeTarget section */

/* Begin PBXProject section */
		629C1A1323938F5600920687 /* Project object */ = {
			isa = PBXProject;
			attributes = {
				LastSwiftUpdateCheck = 1120;
				LastUpgradeCheck = 1120;
				ORGANIZATIONNAME = "Richard Lee";
				TargetAttributes = {
					629C1A1A23938F5600920687 = {
						CreatedOnToolsVersion = 11.2.1;
					};
					629C1A3023938F5900920687 = {
						CreatedOnToolsVersion = 11.2.1;
						TestTargetID = 629C1A1A23938F5600920687;
					};
					629C1A3B23938F5900920687 = {
						CreatedOnToolsVersion = 11.2.1;
						TestTargetID = 629C1A1A23938F5600920687;
					};
				};
			};
			buildConfigurationList = 629C1A1623938F5600920687 /* Build configuration list for PBXProject "AdventOfCode2019" */;
			compatibilityVersion = "Xcode 9.3";
			developmentRegion = en;
			hasScannedForEncodings = 0;
			knownRegions = (
				en,
				Base,
			);
			mainGroup = 629C1A1223938F5600920687;
			productRefGroup = 629C1A1C23938F5600920687 /* Products */;
			projectDirPath = "";
			projectRoot = "";
			targets = (
				629C1A1A23938F5600920687 /* AdventOfCode2019 */,
				629C1A3023938F5900920687 /* AdventOfCode2019Tests */,
				629C1A3B23938F5900920687 /* AdventOfCode2019UITests */,
			);
		};
/* End PBXProject section */

/* Begin PBXResourcesBuildPhase section */
		629C1A1923938F5600920687 /* Resources */ = {
			isa = PBXResourcesBuildPhase;
			buildActionMask = 2147483647;
			files = (
				629C1A6723962BFF00920687 /* Day3Input.txt in Resources */,
				624B9A4723A0BB5B0012F095 /* Day11Input.txt in Resources */,
				62C83620239CCAC300609DF8 /* Day8Input.txt in Resources */,
				629C1A2B23938F5900920687 /* LaunchScreen.storyboard in Resources */,
				624B9A3E239F61D00012F095 /* Day10Input.txt in Resources */,
				62F591782398DB5B007C951A /* Day5Input.txt in Resources */,
				629C1A2823938F5900920687 /* Preview Assets.xcassets in Resources */,
				629C1A5C2394E00200920687 /* Day2Input.txt in Resources */,
				629C1A2523938F5900920687 /* Assets.xcassets in Resources */,
				629C1A572393B04300920687 /* Day1Input.txt in Resources */,
				62C83619239B81FB00609DF8 /* Day7Input.txt in Resources */,
				622E3EB3239A1DA00069C306 /* Day6Input.txt in Resources */,
				624B9A39239E2AAB0012F095 /* Day9Input.txt in Resources */,
			);
			runOnlyForDeploymentPostprocessing = 0;
		};
		629C1A2F23938F5900920687 /* Resources */ = {
			isa = PBXResourcesBuildPhase;
			buildActionMask = 2147483647;
			files = (
			);
			runOnlyForDeploymentPostprocessing = 0;
		};
		629C1A3A23938F5900920687 /* Resources */ = {
			isa = PBXResourcesBuildPhase;
			buildActionMask = 2147483647;
			files = (
			);
			runOnlyForDeploymentPostprocessing = 0;
		};
/* End PBXResourcesBuildPhase section */

/* Begin PBXSourcesBuildPhase section */
		629C1A1723938F5600920687 /* Sources */ = {
			isa = PBXSourcesBuildPhase;
			buildActionMask = 2147483647;
			files = (
				629C1A50239396A800920687 /* IntFileIterator.swift in Sources */,
				629C1A1F23938F5600920687 /* AppDelegate.swift in Sources */,
				629C1A602394E10200920687 /* IntCodeMachine.swift in Sources */,
				629C1A6923962C8800920687 /* Grid.swift in Sources */,
				624B9A44239F7F500012F095 /* Day10Logic.swift in Sources */,
				629C1A5E2394E02700920687 /* Day2Logic.swift in Sources */,
				624B9A4923A0BBC00012F095 /* PanelGrid.swift in Sources */,
				624B9A4B23A0C8050012F095 /* Day11Logic.swift in Sources */,
				629C1A6523962B4200920687 /* Day3Logic.swift in Sources */,
				629C1A2123938F5600920687 /* SceneDelegate.swift in Sources */,
				62C83617239B81D000609DF8 /* Day7Logic.swift in Sources */,
				62F5917A2398DB7D007C951A /* Day5Logic.swift in Sources */,
				629C1A6E2397786E00920687 /* Day4Logic.swift in Sources */,
				622E3EB7239A1E450069C306 /* OrbitalMap.swift in Sources */,
				624B9A3B239E2AB90012F095 /* Day9Logic.swift in Sources */,
				62C83622239CCB1D00609DF8 /* spaceimageformat.swift in Sources */,
				624B9A40239F61E70012F095 /* AsteroidField.swift in Sources */,
				629C1A2323938F5600920687 /* ContentView.swift in Sources */,
				629C1A522393A34A00920687 /* DayOneLogic.swift in Sources */,
				622E3EB5239A1DBB0069C306 /* Day6Logic.swift in Sources */,
				62C8361E239CCA4200609DF8 /* Day8Logic.swift in Sources */,
				629C1A59239434E600920687 /* DayOfCodeSolution.swift in Sources */,
			);
			runOnlyForDeploymentPostprocessing = 0;
		};
		629C1A2D23938F5900920687 /* Sources */ = {
			isa = PBXSourcesBuildPhase;
			buildActionMask = 2147483647;
			files = (
				624B9A36239E1E830012F095 /* Day9Tests.swift in Sources */,
				629C1A3623938F5900920687 /* Day1Tests.swift in Sources */,
				62C8361B239B859A00609DF8 /* Day7Tests.swift in Sources */,
				629C1A622394E56A00920687 /* Day2Tests.swift in Sources */,
				62C83624239CD83200609DF8 /* Day8Tests.swift in Sources */,
				629C1A6B2396340400920687 /* Day3Tests.swift in Sources */,
				622E3EB9239A219A0069C306 /* Day6Tests.swift in Sources */,
				629C1A70239778E100920687 /* Day4Tests.swift in Sources */,
				62F591752398D8BD007C951A /* Day5Tests.swift in Sources */,
				624B9A42239F67680012F095 /* Day10Tests.swift in Sources */,
			);
			runOnlyForDeploymentPostprocessing = 0;
		};
		629C1A3823938F5900920687 /* Sources */ = {
			isa = PBXSourcesBuildPhase;
			buildActionMask = 2147483647;
			files = (
				629C1A4123938F5900920687 /* AdventOfCode2019UITests.swift in Sources */,
			);
			runOnlyForDeploymentPostprocessing = 0;
		};
/* End PBXSourcesBuildPhase section */

/* Begin PBXTargetDependency section */
		629C1A3323938F5900920687 /* PBXTargetDependency */ = {
			isa = PBXTargetDependency;
			target = 629C1A1A23938F5600920687 /* AdventOfCode2019 */;
			targetProxy = 629C1A3223938F5900920687 /* PBXContainerItemProxy */;
		};
		629C1A3E23938F5900920687 /* PBXTargetDependency */ = {
			isa = PBXTargetDependency;
			target = 629C1A1A23938F5600920687 /* AdventOfCode2019 */;
			targetProxy = 629C1A3D23938F5900920687 /* PBXContainerItemProxy */;
		};
/* End PBXTargetDependency section */

/* Begin PBXVariantGroup section */
		629C1A2923938F5900920687 /* LaunchScreen.storyboard */ = {
			isa = PBXVariantGroup;
			children = (
				629C1A2A23938F5900920687 /* Base */,
			);
			name = LaunchScreen.storyboard;
			sourceTree = "<group>";
		};
/* End PBXVariantGroup section */

/* Begin XCBuildConfiguration section */
		629C1A4323938F5900920687 /* Debug */ = {
			isa = XCBuildConfiguration;
			buildSettings = {
				ALWAYS_SEARCH_USER_PATHS = NO;
				CLANG_ANALYZER_NONNULL = YES;
				CLANG_ANALYZER_NUMBER_OBJECT_CONVERSION = YES_AGGRESSIVE;
				CLANG_CXX_LANGUAGE_STANDARD = "gnu++14";
				CLANG_CXX_LIBRARY = "libc++";
				CLANG_ENABLE_MODULES = YES;
				CLANG_ENABLE_OBJC_ARC = YES;
				CLANG_ENABLE_OBJC_WEAK = YES;
				CLANG_WARN_BLOCK_CAPTURE_AUTORELEASING = YES;
				CLANG_WARN_BOOL_CONVERSION = YES;
				CLANG_WARN_COMMA = YES;
				CLANG_WARN_CONSTANT_CONVERSION = YES;
				CLANG_WARN_DEPRECATED_OBJC_IMPLEMENTATIONS = YES;
				CLANG_WARN_DIRECT_OBJC_ISA_USAGE = YES_ERROR;
				CLANG_WARN_DOCUMENTATION_COMMENTS = YES;
				CLANG_WARN_EMPTY_BODY = YES;
				CLANG_WARN_ENUM_CONVERSION = YES;
				CLANG_WARN_INFINITE_RECURSION = YES;
				CLANG_WARN_INT_CONVERSION = YES;
				CLANG_WARN_NON_LITERAL_NULL_CONVERSION = YES;
				CLANG_WARN_OBJC_IMPLICIT_RETAIN_SELF = YES;
				CLANG_WARN_OBJC_LITERAL_CONVERSION = YES;
				CLANG_WARN_OBJC_ROOT_CLASS = YES_ERROR;
				CLANG_WARN_RANGE_LOOP_ANALYSIS = YES;
				CLANG_WARN_STRICT_PROTOTYPES = YES;
				CLANG_WARN_SUSPICIOUS_MOVE = YES;
				CLANG_WARN_UNGUARDED_AVAILABILITY = YES_AGGRESSIVE;
				CLANG_WARN_UNREACHABLE_CODE = YES;
				CLANG_WARN__DUPLICATE_METHOD_MATCH = YES;
				COPY_PHASE_STRIP = NO;
				DEBUG_INFORMATION_FORMAT = dwarf;
				ENABLE_STRICT_OBJC_MSGSEND = YES;
				ENABLE_TESTABILITY = YES;
				GCC_C_LANGUAGE_STANDARD = gnu11;
				GCC_DYNAMIC_NO_PIC = NO;
				GCC_NO_COMMON_BLOCKS = YES;
				GCC_OPTIMIZATION_LEVEL = 0;
				GCC_PREPROCESSOR_DEFINITIONS = (
					"DEBUG=1",
					"$(inherited)",
				);
				GCC_WARN_64_TO_32_BIT_CONVERSION = YES;
				GCC_WARN_ABOUT_RETURN_TYPE = YES_ERROR;
				GCC_WARN_UNDECLARED_SELECTOR = YES;
				GCC_WARN_UNINITIALIZED_AUTOS = YES_AGGRESSIVE;
				GCC_WARN_UNUSED_FUNCTION = YES;
				GCC_WARN_UNUSED_VARIABLE = YES;
				IPHONEOS_DEPLOYMENT_TARGET = 13.2;
				MTL_ENABLE_DEBUG_INFO = INCLUDE_SOURCE;
				MTL_FAST_MATH = YES;
				ONLY_ACTIVE_ARCH = YES;
				SDKROOT = iphoneos;
				SWIFT_ACTIVE_COMPILATION_CONDITIONS = DEBUG;
				SWIFT_OPTIMIZATION_LEVEL = "-Onone";
			};
			name = Debug;
		};
		629C1A4423938F5900920687 /* Release */ = {
			isa = XCBuildConfiguration;
			buildSettings = {
				ALWAYS_SEARCH_USER_PATHS = NO;
				CLANG_ANALYZER_NONNULL = YES;
				CLANG_ANALYZER_NUMBER_OBJECT_CONVERSION = YES_AGGRESSIVE;
				CLANG_CXX_LANGUAGE_STANDARD = "gnu++14";
				CLANG_CXX_LIBRARY = "libc++";
				CLANG_ENABLE_MODULES = YES;
				CLANG_ENABLE_OBJC_ARC = YES;
				CLANG_ENABLE_OBJC_WEAK = YES;
				CLANG_WARN_BLOCK_CAPTURE_AUTORELEASING = YES;
				CLANG_WARN_BOOL_CONVERSION = YES;
				CLANG_WARN_COMMA = YES;
				CLANG_WARN_CONSTANT_CONVERSION = YES;
				CLANG_WARN_DEPRECATED_OBJC_IMPLEMENTATIONS = YES;
				CLANG_WARN_DIRECT_OBJC_ISA_USAGE = YES_ERROR;
				CLANG_WARN_DOCUMENTATION_COMMENTS = YES;
				CLANG_WARN_EMPTY_BODY = YES;
				CLANG_WARN_ENUM_CONVERSION = YES;
				CLANG_WARN_INFINITE_RECURSION = YES;
				CLANG_WARN_INT_CONVERSION = YES;
				CLANG_WARN_NON_LITERAL_NULL_CONVERSION = YES;
				CLANG_WARN_OBJC_IMPLICIT_RETAIN_SELF = YES;
				CLANG_WARN_OBJC_LITERAL_CONVERSION = YES;
				CLANG_WARN_OBJC_ROOT_CLASS = YES_ERROR;
				CLANG_WARN_RANGE_LOOP_ANALYSIS = YES;
				CLANG_WARN_STRICT_PROTOTYPES = YES;
				CLANG_WARN_SUSPICIOUS_MOVE = YES;
				CLANG_WARN_UNGUARDED_AVAILABILITY = YES_AGGRESSIVE;
				CLANG_WARN_UNREACHABLE_CODE = YES;
				CLANG_WARN__DUPLICATE_METHOD_MATCH = YES;
				COPY_PHASE_STRIP = NO;
				DEBUG_INFORMATION_FORMAT = "dwarf-with-dsym";
				ENABLE_NS_ASSERTIONS = NO;
				ENABLE_STRICT_OBJC_MSGSEND = YES;
				GCC_C_LANGUAGE_STANDARD = gnu11;
				GCC_NO_COMMON_BLOCKS = YES;
				GCC_WARN_64_TO_32_BIT_CONVERSION = YES;
				GCC_WARN_ABOUT_RETURN_TYPE = YES_ERROR;
				GCC_WARN_UNDECLARED_SELECTOR = YES;
				GCC_WARN_UNINITIALIZED_AUTOS = YES_AGGRESSIVE;
				GCC_WARN_UNUSED_FUNCTION = YES;
				GCC_WARN_UNUSED_VARIABLE = YES;
				IPHONEOS_DEPLOYMENT_TARGET = 13.2;
				MTL_ENABLE_DEBUG_INFO = NO;
				MTL_FAST_MATH = YES;
				SDKROOT = iphoneos;
				SWIFT_COMPILATION_MODE = wholemodule;
				SWIFT_OPTIMIZATION_LEVEL = "-O";
				VALIDATE_PRODUCT = YES;
			};
			name = Release;
		};
		629C1A4623938F5900920687 /* Debug */ = {
			isa = XCBuildConfiguration;
			buildSettings = {
				ASSETCATALOG_COMPILER_APPICON_NAME = AppIcon;
				CODE_SIGN_STYLE = Automatic;
				DEVELOPMENT_ASSET_PATHS = "\"AdventOfCode2019/Preview Content\"";
				DEVELOPMENT_TEAM = Y326J39Y4D;
				ENABLE_PREVIEWS = YES;
				INFOPLIST_FILE = AdventOfCode2019/Info.plist;
				LD_RUNPATH_SEARCH_PATHS = (
					"$(inherited)",
					"@executable_path/Frameworks",
				);
				PRODUCT_BUNDLE_IDENTIFIER = org.rl337.random.AdventOfCode2019;
				PRODUCT_NAME = "$(TARGET_NAME)";
				SWIFT_VERSION = 5.0;
				TARGETED_DEVICE_FAMILY = "1,2";
			};
			name = Debug;
		};
		629C1A4723938F5900920687 /* Release */ = {
			isa = XCBuildConfiguration;
			buildSettings = {
				ASSETCATALOG_COMPILER_APPICON_NAME = AppIcon;
				CODE_SIGN_STYLE = Automatic;
				DEVELOPMENT_ASSET_PATHS = "\"AdventOfCode2019/Preview Content\"";
				DEVELOPMENT_TEAM = Y326J39Y4D;
				ENABLE_PREVIEWS = YES;
				INFOPLIST_FILE = AdventOfCode2019/Info.plist;
				LD_RUNPATH_SEARCH_PATHS = (
					"$(inherited)",
					"@executable_path/Frameworks",
				);
				PRODUCT_BUNDLE_IDENTIFIER = org.rl337.random.AdventOfCode2019;
				PRODUCT_NAME = "$(TARGET_NAME)";
				SWIFT_VERSION = 5.0;
				TARGETED_DEVICE_FAMILY = "1,2";
			};
			name = Release;
		};
		629C1A4923938F5900920687 /* Debug */ = {
			isa = XCBuildConfiguration;
			buildSettings = {
				ALWAYS_EMBED_SWIFT_STANDARD_LIBRARIES = YES;
				BUNDLE_LOADER = "$(TEST_HOST)";
				CODE_SIGN_STYLE = Automatic;
				DEVELOPMENT_TEAM = Y326J39Y4D;
				INFOPLIST_FILE = AdventOfCode2019Tests/Info.plist;
				IPHONEOS_DEPLOYMENT_TARGET = 13.2;
				LD_RUNPATH_SEARCH_PATHS = (
					"$(inherited)",
					"@executable_path/Frameworks",
					"@loader_path/Frameworks",
				);
				PRODUCT_BUNDLE_IDENTIFIER = org.rl337.random.AdventOfCode2019Tests;
				PRODUCT_NAME = "$(TARGET_NAME)";
				SWIFT_VERSION = 5.0;
				TARGETED_DEVICE_FAMILY = "1,2";
				TEST_HOST = "$(BUILT_PRODUCTS_DIR)/AdventOfCode2019.app/AdventOfCode2019";
			};
			name = Debug;
		};
		629C1A4A23938F5900920687 /* Release */ = {
			isa = XCBuildConfiguration;
			buildSettings = {
				ALWAYS_EMBED_SWIFT_STANDARD_LIBRARIES = YES;
				BUNDLE_LOADER = "$(TEST_HOST)";
				CODE_SIGN_STYLE = Automatic;
				DEVELOPMENT_TEAM = Y326J39Y4D;
				INFOPLIST_FILE = AdventOfCode2019Tests/Info.plist;
				IPHONEOS_DEPLOYMENT_TARGET = 13.2;
				LD_RUNPATH_SEARCH_PATHS = (
					"$(inherited)",
					"@executable_path/Frameworks",
					"@loader_path/Frameworks",
				);
				PRODUCT_BUNDLE_IDENTIFIER = org.rl337.random.AdventOfCode2019Tests;
				PRODUCT_NAME = "$(TARGET_NAME)";
				SWIFT_VERSION = 5.0;
				TARGETED_DEVICE_FAMILY = "1,2";
				TEST_HOST = "$(BUILT_PRODUCTS_DIR)/AdventOfCode2019.app/AdventOfCode2019";
			};
			name = Release;
		};
		629C1A4C23938F5900920687 /* Debug */ = {
			isa = XCBuildConfiguration;
			buildSettings = {
				ALWAYS_EMBED_SWIFT_STANDARD_LIBRARIES = YES;
				CODE_SIGN_STYLE = Automatic;
				DEVELOPMENT_TEAM = Y326J39Y4D;
				INFOPLIST_FILE = AdventOfCode2019UITests/Info.plist;
				LD_RUNPATH_SEARCH_PATHS = (
					"$(inherited)",
					"@executable_path/Frameworks",
					"@loader_path/Frameworks",
				);
				PRODUCT_BUNDLE_IDENTIFIER = org.rl337.random.AdventOfCode2019UITests;
				PRODUCT_NAME = "$(TARGET_NAME)";
				SWIFT_VERSION = 5.0;
				TARGETED_DEVICE_FAMILY = "1,2";
				TEST_TARGET_NAME = AdventOfCode2019;
			};
			name = Debug;
		};
		629C1A4D23938F5900920687 /* Release */ = {
			isa = XCBuildConfiguration;
			buildSettings = {
				ALWAYS_EMBED_SWIFT_STANDARD_LIBRARIES = YES;
				CODE_SIGN_STYLE = Automatic;
				DEVELOPMENT_TEAM = Y326J39Y4D;
				INFOPLIST_FILE = AdventOfCode2019UITests/Info.plist;
				LD_RUNPATH_SEARCH_PATHS = (
					"$(inherited)",
					"@executable_path/Frameworks",
					"@loader_path/Frameworks",
				);
				PRODUCT_BUNDLE_IDENTIFIER = org.rl337.random.AdventOfCode2019UITests;
				PRODUCT_NAME = "$(TARGET_NAME)";
				SWIFT_VERSION = 5.0;
				TARGETED_DEVICE_FAMILY = "1,2";
				TEST_TARGET_NAME = AdventOfCode2019;
			};
			name = Release;
		};
/* End XCBuildConfiguration section */

/* Begin XCConfigurationList section */
		629C1A1623938F5600920687 /* Build configuration list for PBXProject "AdventOfCode2019" */ = {
			isa = XCConfigurationList;
			buildConfigurations = (
				629C1A4323938F5900920687 /* Debug */,
				629C1A4423938F5900920687 /* Release */,
			);
			defaultConfigurationIsVisible = 0;
			defaultConfigurationName = Release;
		};
		629C1A4523938F5900920687 /* Build configuration list for PBXNativeTarget "AdventOfCode2019" */ = {
			isa = XCConfigurationList;
			buildConfigurations = (
				629C1A4623938F5900920687 /* Debug */,
				629C1A4723938F5900920687 /* Release */,
			);
			defaultConfigurationIsVisible = 0;
			defaultConfigurationName = Release;
		};
		629C1A4823938F5900920687 /* Build configuration list for PBXNativeTarget "AdventOfCode2019Tests" */ = {
			isa = XCConfigurationList;
			buildConfigurations = (
				629C1A4923938F5900920687 /* Debug */,
				629C1A4A23938F5900920687 /* Release */,
			);
			defaultConfigurationIsVisible = 0;
			defaultConfigurationName = Release;
		};
		629C1A4B23938F5900920687 /* Build configuration list for PBXNativeTarget "AdventOfCode2019UITests" */ = {
			isa = XCConfigurationList;
			buildConfigurations = (
				629C1A4C23938F5900920687 /* Debug */,
				629C1A4D23938F5900920687 /* Release */,
			);
			defaultConfigurationIsVisible = 0;
			defaultConfigurationName = Release;
		};
/* End XCConfigurationList section */
	};
	rootObject = 629C1A1323938F5600920687 /* Project object */;
}
